<?xml version="1.0" encoding="utf-8"?>
<Project ToolsVersion="4.0" xmlns="http://schemas.microsoft.com/developer/msbuild/2003">
  <ItemGroup>
    <Filter Include="Source Files">
      <UniqueIdentifier>{4FC737F1-C7A5-4376-A066-2A32D752A2FF}</UniqueIdentifier>
      <Extensions>cpp;c;cc;cxx;c++;def;odl;idl;hpj;bat;asm;asmx</Extensions>
    </Filter>
    <Filter Include="Shaders">
      <UniqueIdentifier>{f63daa78-9ee6-4d75-bec8-8e9af25b2099}</UniqueIdentifier>
    </Filter>
    <Filter Include="2.SCShader">
      <UniqueIdentifier>{2e9c7939-c122-423d-84b0-0cb6eba5272f}</UniqueIdentifier>
    </Filter>
  </ItemGroup>
  <ItemGroup>
    <ClCompile Include="main.cpp">
      <Filter>Source Files</Filter>
    </ClCompile>
    <ClCompile Include="glad.c">
      <Filter>Source Files</Filter>
    </ClCompile>
    <ClCompile Include="SCShader.cpp">
      <Filter>2.SCShader</Filter>
    </ClCompile>
  </ItemGroup>
  <ItemGroup>
    <ClInclude Include="SCShader.hpp">
      <Filter>2.SCShader</Filter>
    </ClInclude>
  </ItemGroup>
  <ItemGroup>
    <None Include="Shaders\basicFragmentShader.frag">
      <Filter>Shaders</Filter>
    </None>
    <None Include="Shaders\basicVertexShader.vert">
      <Filter>Shaders</Filter>
    </None>
  </ItemGroup>
</Project>